
Microsoft Visual Studio Solution File, Format Version 12.00
# Visual Studio Version 16
VisualStudioVersion = 16.0.32126.315
MinimumVisualStudioVersion = 10.0.40219.1
Project("{9A19103F-16F7-4668-BE54-9A1E7A4F7556}") = "BibliotecaClasses", "BibliotecaClasses\BibliotecaClasses.csproj", "{CC5E3615-93CD-43DD-AA60-3B024AFB0B5B}"
EndProject
Project("{9A19103F-16F7-4668-BE54-9A1E7A4F7556}") = "ProjetoConsole", "ProjetoConsole\ProjetoConsole.csproj", "{DD8EDFD9-6A0A-4657-A661-DA9050D3355D}"
EndProject
Global
	GlobalSection(SolutionConfigurationPlatforms) = preSolution
		Debug|Any CPU = Debug|Any CPU
		Release|Any CPU = Release|Any CPU
	EndGlobalSection
	GlobalSection(ProjectConfigurationPlatforms) = postSolution
		{CC5E3615-93CD-43DD-AA60-3B024AFB0B5B}.Debug|Any CPU.ActiveCfg = Debug|Any CPU
		{CC5E3615-93CD-43DD-AA60-3B024AFB0B5B}.Debug|Any CPU.Build.0 = Debug|Any CPU
		{CC5E3615-93CD-43DD-AA60-3B024AFB0B5B}.Release|Any CPU.ActiveCfg = Release|Any CPU
		{CC5E3615-93CD-43DD-AA60-3B024AFB0B5B}.Release|Any CPU.Build.0 = Release|Any CPU
		{DD8EDFD9-6A0A-4657-A661-DA9050D3355D}.Debug|Any CPU.ActiveCfg = Debug|Any CPU
		{DD8EDFD9-6A0A-4657-A661-DA9050D3355D}.Debug|Any CPU.Build.0 = Debug|Any CPU
		{DD8EDFD9-6A0A-4657-A661-DA9050D3355D}.Release|Any CPU.ActiveCfg = Release|Any CPU
		{DD8EDFD9-6A0A-4657-A661-DA9050D3355D}.Release|Any CPU.Build.0 = Release|Any CPU
	EndGlobalSection
	GlobalSection(SolutionProperties) = preSolution
		HideSolutionNode = FALSE
	EndGlobalSection
	GlobalSection(ExtensibilityGlobals) = postSolution
		SolutionGuid = {2BAC2D5D-E211-4642-9DEC-7EFD9D721752}
	EndGlobalSection
EndGlobal
